
Microsoft Visual Studio Solution File, Format Version 12.00
# Visual Studio Version 17
VisualStudioVersion = 17.14.36127.28
MinimumVisualStudioVersion = 10.0.40219.1
Project("{FAE04EC0-301F-11D3-BF4B-00C04F79EFBC}") = "Cronometro", "Stopwatch\Cronometro.csproj", "{76AB20DA-8AC0-4482-BB90-A2B8A9973829}"
EndProject
Global
	GlobalSection(SolutionConfigurationPlatforms) = preSolution
		Debug|Any CPU = Debug|Any CPU
		Release|Any CPU = Release|Any CPU
	EndGlobalSection
	GlobalSection(ProjectConfigurationPlatforms) = postSolution
		{76AB20DA-8AC0-4482-BB90-A2B8A9973829}.Debug|Any CPU.ActiveCfg = Debug|Any CPU
		{76AB20DA-8AC0-4482-BB90-A2B8A9973829}.Debug|Any CPU.Build.0 = Debug|Any CPU
		{76AB20DA-8AC0-4482-BB90-A2B8A9973829}.Release|Any CPU.ActiveCfg = Release|Any CPU
		{76AB20DA-8AC0-4482-BB90-A2B8A9973829}.Release|Any CPU.Build.0 = Release|Any CPU
	EndGlobalSection
	GlobalSection(SolutionProperties) = preSolution
		HideSolutionNode = FALSE
	EndGlobalSection
	GlobalSection(ExtensibilityGlobals) = postSolution
		SolutionGuid = {1FB45B86-8FAC-43B2-BB3B-AA7D15FAF4A7}
	EndGlobalSection
EndGlobal
